github.com/gorilla/mux v0.0.0-20170217192616-94e7d24fd285 h1:pBGAMRKP7Tpv4mOq+RgzKz+jAj+ylo9O8PiNoMmCuu8=
github.com/gorilla/mux v0.0.0-20170217192616-94e7d24fd285/go.mod h1:1lud6UwP+6orDFRuTfBEV8e9/aOM/c4fVVCaMa2zaAs=
github.com/gorilla/websocket v0.0.0-20180201015256-4ac909741dfa h1:UA2s/U+wRTmWfX99R4mNqfiecUCTj0hMjEGcThr3ayI=
github.com/gorilla/websocket v0.0.0-20180201015256-4ac909741dfa/go.mod h1:E7qHFY5m1UJ88s3WnNqhKjPHQ0heANvMoAMk2YaljkQ=
github.com/inconshreveable/mousetrap v1.0.0/go.mod h1:PxqpIevigyE2G7u3NXJIT2ANytuPF1OarO4DADm73n8=
github.com/influxdata/influxdb v0.0.0-20170801205946-f5345fbaf2ce h1:LHnX5wPKGZeX7RzadGbBMgz+bd7Mh4UacN0seVFs51Q=
github.com/influxdata/influxdb v0.0.0-20170801205946-f5345fbaf2ce/go.mod h1:qZna6X/4elxqT3yI9iZYdZrWWdeFOOprn86kgg4+IzY=
github.com/justinas/alice v0.0.0-20160910103822-1051eaf52fca h1:xI08OYkay8GUWM+KukP7RodNgkaBCgwQptWfuO8cX70=
github.com/justinas/alice v0.0.0-20160910103822-1051eaf52fca/go.mod h1:oLH0CmIaxCGXD67VKGR5AacGXZSMznlmeqM8RzPrcY8=
github.com/kylelemons/godebug v0.0.0-20170820004349-d65d576e9348 h1:MtvEpTB6LX3vkb4ax0b5D2DHbNAUsen0Gx5wZoq3lV4=
github.com/kylelemons/godebug v0.0.0-20170820004349-d65d576e9348/go.mod h1:B69LEHPfb2qLo0BaaOLcbitczOKLWTsrBG9LczfCD4k=
github.com/mattn/go-colorable v0.0.0-20160220075935-9cbef7c35391 h1:x4vT4RoTH2BNkPx0LgrBKeFuPQPviK1aSAIWG6ruc+Y=
github.com/mattn/go-colorable v0.0.0-20160220075935-9cbef7c35391/go.mod h1:9vuHe8Xs5qXnSaW/c/ABM9alt+Vo+STaOChaDxuIBZU=
github.com/mattn/go-isatty v0.0.0-20170216235908-dda3de49cbfc/go.mod h1:M+lRXTBqGeGNdLjl/ufCoiOlB5xdOkqRJdNxMWT7Zi4=
github.com/mgutz/ansi v0.0.0-20170206155736-9520e82c474b h1:j7+1HpAFS1zy5+Q4qx1fWh90gTKwiN4QCGoY9TWyyO4=
github.com/mgutz/ansi v0.0.0-20170206155736-9520e82c474b/go.mod h1:01TrycV0kFyexm33Z7vhZRXopbI8J3TDReVlkTgMUxE=
github.com/spf13/cobra v0.0.0-20170905172051-b78744579491 h1:XOya2OGpG7Q4gS4MYHRoFSTlBGnZD40X+Kw2ikFQFXE=
github.com/spf13/cobra v0.0.0-20170905172051-b78744579491/go.mod h1:1l0Ry5zgKvJasoi3XT1TypsSe7PqH0Sj9dhYf7v3XqQ=
github.com/spf13/pflag v0.0.0-20170901120850-7aff26db30c1 h1:TRYBd3V/2jfUifd2vqT9S1O6mTgEwmgxgfRpI5zx6FU=
github.com/spf13/pflag v0.0.0-20170901120850-7aff26db30c1/go.mod h1:DYY7MBk1bdzusC3SYhjObp+wFpr4gzcvqqNjLnInEg4=
golang.org/x/sys v0.0.0-20170217003442-075e574b89e4/go.mod h1:STP8DvDyc/dI5b8T5hshtkjS+E42TnysNCUPdjciGhY=
gopkg.in/check.v1 v0.0.0-20161208181325-20d25e280405/go.mod h1:Co6ibVJAznAaIkqp8huTwlJQCZ016jof/cbN4VW5Yz0=
gopkg.in/yaml.v2 v2.2.1 h1:mUhvW9EsL+naU5Q3cakzfE91YhliOondGd6ZrsDBHQE=
gopkg.in/yaml.v2 v2.2.1/go.mod h1:hI93XBmqTisBFMUTm0b8Fm+jr3Dg1NNxqwp+5A1VGuI=
